
Microsoft Visual Studio Solution File, Format Version 12.00
# Visual Studio Version 17
VisualStudioVersion = 17.11.35219.272
MinimumVisualStudioVersion = 10.0.40219.1
Project("{FAE04EC0-301F-11D3-BF4B-00C04F79EFBC}") = "laboratory_1_2", "laboratory_1_2.csproj", "{23454E9E-19A7-4FE1-8384-8A82C0FD2634}"
EndProject
Global
	GlobalSection(SolutionConfigurationPlatforms) = preSolution
		Debug|Any CPU = Debug|Any CPU
		Release|Any CPU = Release|Any CPU
	EndGlobalSection
	GlobalSection(ProjectConfigurationPlatforms) = postSolution
		{23454E9E-19A7-4FE1-8384-8A82C0FD2634}.Debug|Any CPU.ActiveCfg = Debug|Any CPU
		{23454E9E-19A7-4FE1-8384-8A82C0FD2634}.Debug|Any CPU.Build.0 = Debug|Any CPU
		{23454E9E-19A7-4FE1-8384-8A82C0FD2634}.Release|Any CPU.ActiveCfg = Release|Any CPU
		{23454E9E-19A7-4FE1-8384-8A82C0FD2634}.Release|Any CPU.Build.0 = Release|Any CPU
	EndGlobalSection
	GlobalSection(SolutionProperties) = preSolution
		HideSolutionNode = FALSE
	EndGlobalSection
	GlobalSection(ExtensibilityGlobals) = postSolution
		SolutionGuid = {4BD04107-B4B1-4017-9006-557398BDCE6C}
	EndGlobalSection
EndGlobal
