
Microsoft Visual Studio Solution File, Format Version 12.00
# Visual Studio Version 17
VisualStudioVersion = 17.11.35219.272
MinimumVisualStudioVersion = 10.0.40219.1
Project("{FAE04EC0-301F-11D3-BF4B-00C04F79EFBC}") = "laboratory_9", "laboratory_9.csproj", "{DDADC97D-A826-43F8-8E9C-A51CA2608DB1}"
EndProject
Global
	GlobalSection(SolutionConfigurationPlatforms) = preSolution
		Debug|Any CPU = Debug|Any CPU
		Release|Any CPU = Release|Any CPU
	EndGlobalSection
	GlobalSection(ProjectConfigurationPlatforms) = postSolution
		{DDADC97D-A826-43F8-8E9C-A51CA2608DB1}.Debug|Any CPU.ActiveCfg = Debug|Any CPU
		{DDADC97D-A826-43F8-8E9C-A51CA2608DB1}.Debug|Any CPU.Build.0 = Debug|Any CPU
		{DDADC97D-A826-43F8-8E9C-A51CA2608DB1}.Release|Any CPU.ActiveCfg = Release|Any CPU
		{DDADC97D-A826-43F8-8E9C-A51CA2608DB1}.Release|Any CPU.Build.0 = Release|Any CPU
	EndGlobalSection
	GlobalSection(SolutionProperties) = preSolution
		HideSolutionNode = FALSE
	EndGlobalSection
	GlobalSection(ExtensibilityGlobals) = postSolution
		SolutionGuid = {A51EE0C5-2419-420D-835D-66FC94BB6D81}
	EndGlobalSection
EndGlobal
