
Microsoft Visual Studio Solution File, Format Version 12.00
# Visual Studio Version 17
VisualStudioVersion = 17.11.35219.272
MinimumVisualStudioVersion = 10.0.40219.1
Project("{FAE04EC0-301F-11D3-BF4B-00C04F79EFBC}") = "laboratory_12", "laboratory_12.csproj", "{729930D2-BBF8-4B0B-8B83-BCA0C0659CDA}"
EndProject
Global
	GlobalSection(SolutionConfigurationPlatforms) = preSolution
		Debug|Any CPU = Debug|Any CPU
		Release|Any CPU = Release|Any CPU
	EndGlobalSection
	GlobalSection(ProjectConfigurationPlatforms) = postSolution
		{729930D2-BBF8-4B0B-8B83-BCA0C0659CDA}.Debug|Any CPU.ActiveCfg = Debug|Any CPU
		{729930D2-BBF8-4B0B-8B83-BCA0C0659CDA}.Debug|Any CPU.Build.0 = Debug|Any CPU
		{729930D2-BBF8-4B0B-8B83-BCA0C0659CDA}.Release|Any CPU.ActiveCfg = Release|Any CPU
		{729930D2-BBF8-4B0B-8B83-BCA0C0659CDA}.Release|Any CPU.Build.0 = Release|Any CPU
	EndGlobalSection
	GlobalSection(SolutionProperties) = preSolution
		HideSolutionNode = FALSE
	EndGlobalSection
	GlobalSection(ExtensibilityGlobals) = postSolution
		SolutionGuid = {632A5894-722B-4727-96AA-7B654EFFE0AA}
	EndGlobalSection
EndGlobal
