
Microsoft Visual Studio Solution File, Format Version 12.00
# Visual Studio Version 17
VisualStudioVersion = 17.11.35219.272
MinimumVisualStudioVersion = 10.0.40219.1
Project("{FAE04EC0-301F-11D3-BF4B-00C04F79EFBC}") = "laboratory_1_6", "laboratory_1_6.csproj", "{96ECE6C1-BA53-4DF5-9292-100B007B72DA}"
EndProject
Global
	GlobalSection(SolutionConfigurationPlatforms) = preSolution
		Debug|Any CPU = Debug|Any CPU
		Release|Any CPU = Release|Any CPU
	EndGlobalSection
	GlobalSection(ProjectConfigurationPlatforms) = postSolution
		{96ECE6C1-BA53-4DF5-9292-100B007B72DA}.Debug|Any CPU.ActiveCfg = Debug|Any CPU
		{96ECE6C1-BA53-4DF5-9292-100B007B72DA}.Debug|Any CPU.Build.0 = Debug|Any CPU
		{96ECE6C1-BA53-4DF5-9292-100B007B72DA}.Release|Any CPU.ActiveCfg = Release|Any CPU
		{96ECE6C1-BA53-4DF5-9292-100B007B72DA}.Release|Any CPU.Build.0 = Release|Any CPU
	EndGlobalSection
	GlobalSection(SolutionProperties) = preSolution
		HideSolutionNode = FALSE
	EndGlobalSection
	GlobalSection(ExtensibilityGlobals) = postSolution
		SolutionGuid = {874BB834-6E8B-441F-9DF6-C24CF1A09407}
	EndGlobalSection
EndGlobal
